Microsoft Visual Studio Solution File, Format Version 12.00
# Visual Studio Version 17
VisualStudioVersion = 17.5.2.0
MinimumVisualStudioVersion = 10.0.40219.1
Project("{FAE04EC0-301F-11D3-BF4B-00C04F79EFBC}") = "moment1.2_dotnet", "moment1.2_dotnet.csproj", "{B4B004D9-BEBD-62B9-58F2-43B1E5B4FC40}"
EndProject
Global
	GlobalSection(SolutionConfigurationPlatforms) = preSolution
		Debug|Any CPU = Debug|Any CPU
		Release|Any CPU = Release|Any CPU
	EndGlobalSection
	GlobalSection(ProjectConfigurationPlatforms) = postSolution
		{B4B004D9-BEBD-62B9-58F2-43B1E5B4FC40}.Debug|Any CPU.ActiveCfg = Debug|Any CPU
		{B4B004D9-BEBD-62B9-58F2-43B1E5B4FC40}.Debug|Any CPU.Build.0 = Debug|Any CPU
		{B4B004D9-BEBD-62B9-58F2-43B1E5B4FC40}.Release|Any CPU.ActiveCfg = Release|Any CPU
		{B4B004D9-BEBD-62B9-58F2-43B1E5B4FC40}.Release|Any CPU.Build.0 = Release|Any CPU
	EndGlobalSection
	GlobalSection(SolutionProperties) = preSolution
		HideSolutionNode = FALSE
	EndGlobalSection
	GlobalSection(ExtensibilityGlobals) = postSolution
		SolutionGuid = {A1683B06-B747-456D-AFFD-1D83F7883265}
	EndGlobalSection
EndGlobal
